// !$*UTF8*$!
{
	archiveVersion = 1;
	classes = {
	};
	objectVersion = 52;
	objects = {

/* Begin PBXBuildFile section */
		9313BA6F26846019008F566C /* TextEditorView.swift in Sources */ = {isa = PBXBuildFile; fileRef = 9313BA6E26846019008F566C /* TextEditorView.swift */; };
		9313BA802689A467008F566C /* RichEditorView.swift in Sources */ = {isa = PBXBuildFile; fileRef = 9313BA712689A467008F566C /* RichEditorView.swift */; };
		9313BA812689A467008F566C /* String+Extensions.swift in Sources */ = {isa = PBXBuildFile; fileRef = 9313BA722689A467008F566C /* String+Extensions.swift */; };
		9313BA822689A467008F566C /* UIColor+Extensions.swift in Sources */ = {isa = PBXBuildFile; fileRef = 9313BA732689A467008F566C /* UIColor+Extensions.swift */; };
		9313BA852689A467008F566C /* rich_editor.js in Resources */ = {isa = PBXBuildFile; fileRef = 9313BA782689A467008F566C /* rich_editor.js */; };
		9313BA872689A467008F566C /* rich_editor.html in Resources */ = {isa = PBXBuildFile; fileRef = 9313BA7A2689A467008F566C /* rich_editor.html */; };
		9313BA882689A467008F566C /* style.css in Resources */ = {isa = PBXBuildFile; fileRef = 9313BA7B2689A467008F566C /* style.css */; };
		9313BA892689A467008F566C /* normalize.css in Resources */ = {isa = PBXBuildFile; fileRef = 9313BA7C2689A467008F566C /* normalize.css */; };
		9313BA8A2689A467008F566C /* Assets.xcassets in Resources */ = {isa = PBXBuildFile; fileRef = 9313BA7D2689A467008F566C /* Assets.xcassets */; };
		9313BA8B2689A467008F566C /* RichEditorToolbar.swift in Sources */ = {isa = PBXBuildFile; fileRef = 9313BA7E2689A467008F566C /* RichEditorToolbar.swift */; };
		9313BA8C2689A467008F566C /* RichEditorOptionItem.swift in Sources */ = {isa = PBXBuildFile; fileRef = 9313BA7F2689A467008F566C /* RichEditorOptionItem.swift */; };
		9313BA93268ED05F008F566C /* DocThemeView.swift in Sources */ = {isa = PBXBuildFile; fileRef = 9313BA91268E1A4E008F566C /* DocThemeView.swift */; };
		932FF8B126C1309300DE52F9 /* VideoTitleView.swift in Sources */ = {isa = PBXBuildFile; fileRef = 932FF8B026C1309300DE52F9 /* VideoTitleView.swift */; };
		932FF8B326C130CC00DE52F9 /* VideoGroupView.swift in Sources */ = {isa = PBXBuildFile; fileRef = 932FF8B226C130CC00DE52F9 /* VideoGroupView.swift */; };
		932FF8B826C1367400DE52F9 /* AudioTitleView.swift in Sources */ = {isa = PBXBuildFile; fileRef = 932FF8B726C1367400DE52F9 /* AudioTitleView.swift */; };
		932FF8BA26C136BD00DE52F9 /* AudioGroupView.swift in Sources */ = {isa = PBXBuildFile; fileRef = 932FF8B926C136BD00DE52F9 /* AudioGroupView.swift */; };
		932FF8C126CF80ED00DE52F9 /* VideoTrimView.swift in Sources */ = {isa = PBXBuildFile; fileRef = 932FF8C026CF80ED00DE52F9 /* VideoTrimView.swift */; };
		932FF8C326D3779100DE52F9 /* RangeSlider.swift in Sources */ = {isa = PBXBuildFile; fileRef = 932FF8C226D3779100DE52F9 /* RangeSlider.swift */; };
		932FF8C626D5065200DE52F9 /* VideoFilterView.swift in Sources */ = {isa = PBXBuildFile; fileRef = 932FF8C526D5065200DE52F9 /* VideoFilterView.swift */; };
		933AA30A2664B563000D6D48 /* MessagesGroupView.swift in Sources */ = {isa = PBXBuildFile; fileRef = 933AA3092664B563000D6D48 /* MessagesGroupView.swift */; };
		933AA30C2664EBA1000D6D48 /* PhotosSelectionView.swift in Sources */ = {isa = PBXBuildFile; fileRef = 933AA30B2664EBA1000D6D48 /* PhotosSelectionView.swift */; };
		933AA31026674FD8000D6D48 /* ImagePicker.swift in Sources */ = {isa = PBXBuildFile; fileRef = 933AA30F26674FD8000D6D48 /* ImagePicker.swift */; };
		933AA312266754F0000D6D48 /* PhotoPicker.swift in Sources */ = {isa = PBXBuildFile; fileRef = 933AA311266754F0000D6D48 /* PhotoPicker.swift */; };
		933AA31426675B62000D6D48 /* CustomImagePicker.swift in Sources */ = {isa = PBXBuildFile; fileRef = 933AA31326675B62000D6D48 /* CustomImagePicker.swift */; };
		933AA317266A661F000D6D48 /* NavigationStack in Frameworks */ = {isa = PBXBuildFile; productRef = 933AA316266A661F000D6D48 /* NavigationStack */; };
		934A21D726515EF300607821 /* NetworkService.swift in Sources */ = {isa = PBXBuildFile; fileRef = 934A21D626515EF300607821 /* NetworkService.swift */; };
		934B0E0726A58D4F0008DCE5 /* ModifyPasswordView.swift in Sources */ = {isa = PBXBuildFile; fileRef = 934B0E0626A58D4F0008DCE5 /* ModifyPasswordView.swift */; };
		934B0E0B26AE887B0008DCE5 /* GuardianViewModel.swift in Sources */ = {isa = PBXBuildFile; fileRef = 934B0E0A26AE887B0008DCE5 /* GuardianViewModel.swift */; };
		934B0E0F26AECDE50008DCE5 /* ContactViewModel.swift in Sources */ = {isa = PBXBuildFile; fileRef = 934B0E0E26AECDE50008DCE5 /* ContactViewModel.swift */; };
		934B0E1126B119EB0008DCE5 /* SponsorViewModel.swift in Sources */ = {isa = PBXBuildFile; fileRef = 934B0E1026B119EB0008DCE5 /* SponsorViewModel.swift */; };
		934B0E1326B15ABE0008DCE5 /* ContactEditView.swift in Sources */ = {isa = PBXBuildFile; fileRef = 934B0E1226B15ABE0008DCE5 /* ContactEditView.swift */; };
		934B0E1526B27FD90008DCE5 /* GroupViewModel.swift in Sources */ = {isa = PBXBuildFile; fileRef = 934B0E1426B27FD90008DCE5 /* GroupViewModel.swift */; };
		934B0E1726B28FEC0008DCE5 /* TextViewModel.swift in Sources */ = {isa = PBXBuildFile; fileRef = 934B0E1626B28FEC0008DCE5 /* TextViewModel.swift */; };
		934B0E1926B28FFC0008DCE5 /* AudioViewModel.swift in Sources */ = {isa = PBXBuildFile; fileRef = 934B0E1826B28FFC0008DCE5 /* AudioViewModel.swift */; };
		934B0E1B26B2904E0008DCE5 /* VideoViewModel.swift in Sources */ = {isa = PBXBuildFile; fileRef = 934B0E1A26B2904E0008DCE5 /* VideoViewModel.swift */; };
		934B0E1D26B290640008DCE5 /* GalleryViewModel.swift in Sources */ = {isa = PBXBuildFile; fileRef = 934B0E1C26B290640008DCE5 /* GalleryViewModel.swift */; };
		9354046A26C0C8B4004BE5B9 /* TextAlert.swift in Sources */ = {isa = PBXBuildFile; fileRef = 9354046926C0C8B4004BE5B9 /* TextAlert.swift */; };
		93553A722647015D0027BA06 /* MessangelApp.swift in Sources */ = {isa = PBXBuildFile; fileRef = 93553A712647015D0027BA06 /* MessangelApp.swift */; };
		93553A742647015D0027BA06 /* ContentView.swift in Sources */ = {isa = PBXBuildFile; fileRef = 93553A732647015D0027BA06 /* ContentView.swift */; };
		93553A76264701600027BA06 /* Assets.xcassets in Resources */ = {isa = PBXBuildFile; fileRef = 93553A75264701600027BA06 /* Assets.xcassets */; };
		93553A79264701600027BA06 /* Preview Assets.xcassets in Resources */ = {isa = PBXBuildFile; fileRef = 93553A78264701600027BA06 /* Preview Assets.xcassets */; };
		93553A82264701C50027BA06 /* KeyboardResponder.swift in Sources */ = {isa = PBXBuildFile; fileRef = 93553A81264701C50027BA06 /* KeyboardResponder.swift */; };
		93553A96264701E60027BA06 /* Styles.swift in Sources */ = {isa = PBXBuildFile; fileRef = 93553A83264701E60027BA06 /* Styles.swift */; };
		93553A97264701E60027BA06 /* StartView.swift in Sources */ = {isa = PBXBuildFile; fileRef = 93553A85264701E60027BA06 /* StartView.swift */; };
		93553A98264701E60027BA06 /* CustomViews.swift in Sources */ = {isa = PBXBuildFile; fileRef = 93553A86264701E60027BA06 /* CustomViews.swift */; };
		93553A99264701E60027BA06 /* LoginView.swift in Sources */ = {isa = PBXBuildFile; fileRef = 93553A87264701E60027BA06 /* LoginView.swift */; };
		93553A9B264701E60027BA06 /* SignupBaseView.swift in Sources */ = {isa = PBXBuildFile; fileRef = 93553A8A264701E60027BA06 /* SignupBaseView.swift */; };
		93553A9F264701E60027BA06 /* SignupNameView.swift in Sources */ = {isa = PBXBuildFile; fileRef = 93553A8E264701E60027BA06 /* SignupNameView.swift */; };
		93553AA3264701E60027BA06 /* SignupIntroView.swift in Sources */ = {isa = PBXBuildFile; fileRef = 93553A92264701E60027BA06 /* SignupIntroView.swift */; };
		93553AA8264802A90027BA06 /* Extensions.swift in Sources */ = {isa = PBXBuildFile; fileRef = 93553AA7264802A90027BA06 /* Extensions.swift */; };
		93553AAC264845110027BA06 /* CustomNumberPad.swift in Sources */ = {isa = PBXBuildFile; fileRef = 93553AAB264845110027BA06 /* CustomNumberPad.swift */; };
		93553AAE2648CD680027BA06 /* Auth.swift in Sources */ = {isa = PBXBuildFile; fileRef = 93553AAD2648CD680027BA06 /* Auth.swift */; };
		93553AB2264A22DA0027BA06 /* Launch Screen.storyboard in Resources */ = {isa = PBXBuildFile; fileRef = 93553AB1264A22DA0027BA06 /* Launch Screen.storyboard */; };
		93553AB5264A992F0027BA06 /* TabBarView.swift in Sources */ = {isa = PBXBuildFile; fileRef = 93553AB3264A992F0027BA06 /* TabBarView.swift */; };
		935A598A265B6CA6005B0505 /* MenuBaseView.swift in Sources */ = {isa = PBXBuildFile; fileRef = 935A5989265B6CA6005B0505 /* MenuBaseView.swift */; };
		935A598C265BA3B0005B0505 /* AccessSecurityView.swift in Sources */ = {isa = PBXBuildFile; fileRef = 935A598B265BA3B0005B0505 /* AccessSecurityView.swift */; };
		935A598E265BAF8E005B0505 /* EditSubscriptionView.swift in Sources */ = {isa = PBXBuildFile; fileRef = 935A598D265BAF8E005B0505 /* EditSubscriptionView.swift */; };
		935A5990265BAFA8005B0505 /* ContactsListView.swift in Sources */ = {isa = PBXBuildFile; fileRef = 935A598F265BAFA8005B0505 /* ContactsListView.swift */; };
		935A5992265BAFDD005B0505 /* SponsorView.swift in Sources */ = {isa = PBXBuildFile; fileRef = 935A5991265BAFDD005B0505 /* SponsorView.swift */; };
		935A5994265BAFF4005B0505 /* NotificationsView.swift in Sources */ = {isa = PBXBuildFile; fileRef = 935A5993265BAFF4005B0505 /* NotificationsView.swift */; };
		935A5996265BB02B005B0505 /* SuggestionsView.swift in Sources */ = {isa = PBXBuildFile; fileRef = 935A5995265BB02B005B0505 /* SuggestionsView.swift */; };
		935A5998265BB040005B0505 /* FAQView.swift in Sources */ = {isa = PBXBuildFile; fileRef = 935A5997265BB040005B0505 /* FAQView.swift */; };
		935A599A265BB074005B0505 /* AboutView.swift in Sources */ = {isa = PBXBuildFile; fileRef = 935A5999265BB074005B0505 /* AboutView.swift */; };
		935A599C265CD91E005B0505 /* CreateContactView.swift in Sources */ = {isa = PBXBuildFile; fileRef = 935A599B265CD91E005B0505 /* CreateContactView.swift */; };
		935A59A1265E18EA005B0505 /* UnsubscribeConfirmView.swift in Sources */ = {isa = PBXBuildFile; fileRef = 935A59A0265E18EA005B0505 /* UnsubscribeConfirmView.swift */; };
		935A59A3265E536B005B0505 /* UnsubscribeReasonView.swift in Sources */ = {isa = PBXBuildFile; fileRef = 935A59A2265E536B005B0505 /* UnsubscribeReasonView.swift */; };
		935A59A5265F7029005B0505 /* MessagesBottomView.swift in Sources */ = {isa = PBXBuildFile; fileRef = 935A59A4265F7029005B0505 /* MessagesBottomView.swift */; };
		9369D53E265639F100650AA7 /* MenuView.swift in Sources */ = {isa = PBXBuildFile; fileRef = 9369D53D265639F100650AA7 /* MenuView.swift */; };
		9369D54126563DED00650AA7 /* ProfileView.swift in Sources */ = {isa = PBXBuildFile; fileRef = 9369D54026563DED00650AA7 /* ProfileView.swift */; };
		937CA4B026526539004A0227 /* HomeView.swift in Sources */ = {isa = PBXBuildFile; fileRef = 937CA4AF26526539004A0227 /* HomeView.swift */; };
		937CA4B226528FB7004A0227 /* SubscriptionView.swift in Sources */ = {isa = PBXBuildFile; fileRef = 937CA4B126528FB7004A0227 /* SubscriptionView.swift */; };
		937CA4B42653E702004A0227 /* GuardianFormIntroView.swift in Sources */ = {isa = PBXBuildFile; fileRef = 937CA4B32653E702004A0227 /* GuardianFormIntroView.swift */; };
		937CA4B72653E7A3004A0227 /* GuardianFormBaseView.swift in Sources */ = {isa = PBXBuildFile; fileRef = 937CA4B62653E7A3004A0227 /* GuardianFormBaseView.swift */; };
		937CA4B92653EC0C004A0227 /* GuardianFormLastNameView.swift in Sources */ = {isa = PBXBuildFile; fileRef = 937CA4B82653EC0C004A0227 /* GuardianFormLastNameView.swift */; };
		937CA4BB2653EC21004A0227 /* GuardianFormFirstNameView.swift in Sources */ = {isa = PBXBuildFile; fileRef = 937CA4BA2653EC21004A0227 /* GuardianFormFirstNameView.swift */; };
		937CA4BD2654FAAD004A0227 /* GuardianFormEmailView.swift in Sources */ = {isa = PBXBuildFile; fileRef = 937CA4BC2654FAAD004A0227 /* GuardianFormEmailView.swift */; };
		937CA4BF2654FB36004A0227 /* GuardianFormConfirmEmailView.swift in Sources */ = {isa = PBXBuildFile; fileRef = 937CA4BE2654FB36004A0227 /* GuardianFormConfirmEmailView.swift */; };
		937CA4C12654FC5E004A0227 /* GuardianFormLegalAgeView.swift in Sources */ = {isa = PBXBuildFile; fileRef = 937CA4C02654FC5E004A0227 /* GuardianFormLegalAgeView.swift */; };
		937CA4C32654FD03004A0227 /* GuardianFormNoteView.swift in Sources */ = {isa = PBXBuildFile; fileRef = 937CA4C22654FD03004A0227 /* GuardianFormNoteView.swift */; };
		937CA4C52654FE63004A0227 /* GuardianFormDoneView.swift in Sources */ = {isa = PBXBuildFile; fileRef = 937CA4C42654FE63004A0227 /* GuardianFormDoneView.swift */; };
		937CA4C7265500A8004A0227 /* GuardianFormConfirmSendView.swift in Sources */ = {isa = PBXBuildFile; fileRef = 937CA4C6265500A8004A0227 /* GuardianFormConfirmSendView.swift */; };
		93816BA32692D21D0060DC0C /* PDF.swift in Sources */ = {isa = PBXBuildFile; fileRef = 93816BA12692D21D0060DC0C /* PDF.swift */; };
		93816BA42692D21D0060DC0C /* HTML.swift in Sources */ = {isa = PBXBuildFile; fileRef = 93816BA22692D21D0060DC0C /* HTML.swift */; };
		938313932671E46E00C71C98 /* PHAssetCollection.swift in Sources */ = {isa = PBXBuildFile; fileRef = 938313902671E46E00C71C98 /* PHAssetCollection.swift */; };
		938313942671E46E00C71C98 /* PHAsset.swift in Sources */ = {isa = PBXBuildFile; fileRef = 938313912671E46E00C71C98 /* PHAsset.swift */; };
		938313952671E46E00C71C98 /* PHPhotoLibrary.swift in Sources */ = {isa = PBXBuildFile; fileRef = 938313922671E46E00C71C98 /* PHPhotoLibrary.swift */; };
		9383139726787BD800C71C98 /* AudioRecorderView.swift in Sources */ = {isa = PBXBuildFile; fileRef = 9383139626787BD800C71C98 /* AudioRecorderView.swift */; };
		938313992678966C00C71C98 /* VideoRecoderView.swift in Sources */ = {isa = PBXBuildFile; fileRef = 938313982678966C00C71C98 /* VideoRecoderView.swift */; };
		93ADF5AF2679D75100BB9F14 /* CameraController.swift in Sources */ = {isa = PBXBuildFile; fileRef = 93ADF5AE2679D75100BB9F14 /* CameraController.swift */; };
		93ADF5B1268060D100BB9F14 /* StopWatchManager.swift in Sources */ = {isa = PBXBuildFile; fileRef = 93ADF5B0268060D100BB9F14 /* StopWatchManager.swift */; };
		93AEEF4F26709B8500D99BC2 /* Observable.swift in Sources */ = {isa = PBXBuildFile; fileRef = 93AEEF4E26709B8500D99BC2 /* Observable.swift */; };
		93AEEF512670A52300D99BC2 /* AlbumImage.swift in Sources */ = {isa = PBXBuildFile; fileRef = 93AEEF502670A52300D99BC2 /* AlbumImage.swift */; };
		93AEEF542670C94200D99BC2 /* AlbumViewModel.swift in Sources */ = {isa = PBXBuildFile; fileRef = 93AEEF532670C94200D99BC2 /* AlbumViewModel.swift */; };
		93CC8A3C265FBEA200A28455 /* OnboardingViews.swift in Sources */ = {isa = PBXBuildFile; fileRef = 93CC8A3B265FBEA200A28455 /* OnboardingViews.swift */; };
		93EFE7CD2695EA3700F50894 /* AttributedText.swift in Sources */ = {isa = PBXBuildFile; fileRef = 93EFE7C82695EA3700F50894 /* AttributedText.swift */; };
		93EFE7CE2695EA3700F50894 /* TextViewStore.swift in Sources */ = {isa = PBXBuildFile; fileRef = 93EFE7C92695EA3700F50894 /* TextViewStore.swift */; };
		93EFE7CF2695EA3700F50894 /* NSLineBreakMode+TruncationMode.swift in Sources */ = {isa = PBXBuildFile; fileRef = 93EFE7CA2695EA3700F50894 /* NSLineBreakMode+TruncationMode.swift */; };
		93EFE7D02695EA3700F50894 /* TextViewWrapper+UITextView.swift in Sources */ = {isa = PBXBuildFile; fileRef = 93EFE7CB2695EA3700F50894 /* TextViewWrapper+UITextView.swift */; };
		93EFE7D12695EA3700F50894 /* TextViewWrapper+NSTextView.swift in Sources */ = {isa = PBXBuildFile; fileRef = 93EFE7CC2695EA3700F50894 /* TextViewWrapper+NSTextView.swift */; };
		93EFE7D326971D8200F50894 /* DocTitleView.swift in Sources */ = {isa = PBXBuildFile; fileRef = 93EFE7D226971D8200F50894 /* DocTitleView.swift */; };
		93EFE7D5269BD73500F50894 /* DocGroupView.swift in Sources */ = {isa = PBXBuildFile; fileRef = 93EFE7D4269BD73500F50894 /* DocGroupView.swift */; };
		93EFE7D7269D9CEE00F50894 /* User.swift in Sources */ = {isa = PBXBuildFile; fileRef = 93EFE7D6269D9CEE00F50894 /* User.swift */; };
		93EFE7D9269E04D500F50894 /* UserViewModel.swift in Sources */ = {isa = PBXBuildFile; fileRef = 93EFE7D8269E04D500F50894 /* UserViewModel.swift */; };
		93EFE7DF26A06C1C00F50894 /* SwiftUIX in Frameworks */ = {isa = PBXBuildFile; productRef = 93EFE7DE26A06C1C00F50894 /* SwiftUIX */; };
		93EFE7E626A15D9700F50894 /* SignupBirthView.swift in Sources */ = {isa = PBXBuildFile; fileRef = 93553A94264701E60027BA06 /* SignupBirthView.swift */; };
		93EFE7E726A15D9700F50894 /* SignupPostcodeView.swift in Sources */ = {isa = PBXBuildFile; fileRef = 93553A90264701E60027BA06 /* SignupPostcodeView.swift */; };
		93EFE7E826A15D9700F50894 /* SignupEmailView.swift in Sources */ = {isa = PBXBuildFile; fileRef = 93553A91264701E60027BA06 /* SignupEmailView.swift */; };
		93EFE7E926A15D9700F50894 /* SignupPasswrdView.swift in Sources */ = {isa = PBXBuildFile; fileRef = 93553A8C264701E60027BA06 /* SignupPasswrdView.swift */; };
		93EFE7EA26A15D9700F50894 /* SignupTelIntroView.swift in Sources */ = {isa = PBXBuildFile; fileRef = 93553A8B264701E60027BA06 /* SignupTelIntroView.swift */; };
		93EFE7EB26A15D9700F50894 /* SignupTelView.swift in Sources */ = {isa = PBXBuildFile; fileRef = 93553A93264701E60027BA06 /* SignupTelView.swift */; };
		93EFE7EC26A15D9700F50894 /* SignupOTPView.swift in Sources */ = {isa = PBXBuildFile; fileRef = 93553AA9264841780027BA06 /* SignupOTPView.swift */; };
		93EFE7ED26A15D9700F50894 /* SignupDoneView.swift in Sources */ = {isa = PBXBuildFile; fileRef = 93553A8D264701E60027BA06 /* SignupDoneView.swift */; };
		93EFE7EE26A15D9700F50894 /* SignupGenderView.swift in Sources */ = {isa = PBXBuildFile; fileRef = 93553A89264701E60027BA06 /* SignupGenderView.swift */; };
		93EFE7EF26A15DA800F50894 /* SignupCodeView.swift in Sources */ = {isa = PBXBuildFile; fileRef = 93553A8F264701E60027BA06 /* SignupCodeView.swift */; };
/* End PBXBuildFile section */

/* Begin PBXFileReference section */
		9313BA6E26846019008F566C /* TextEditorView.swift */ = {isa = PBXFileReference; lastKnownFileType = sourcecode.swift; path = TextEditorView.swift; sourceTree = "<group>"; };
		9313BA712689A467008F566C /* RichEditorView.swift */ = {isa = PBXFileReference; fileEncoding = 4; lastKnownFileType = sourcecode.swift; path = RichEditorView.swift; sourceTree = "<group>"; };
		9313BA722689A467008F566C /* String+Extensions.swift */ = {isa = PBXFileReference; fileEncoding = 4; lastKnownFileType = sourcecode.swift; path = "String+Extensions.swift"; sourceTree = "<group>"; };
		9313BA732689A467008F566C /* UIColor+Extensions.swift */ = {isa = PBXFileReference; fileEncoding = 4; lastKnownFileType = sourcecode.swift; path = "UIColor+Extensions.swift"; sourceTree = "<group>"; };
		9313BA782689A467008F566C /* rich_editor.js */ = {isa = PBXFileReference; fileEncoding = 4; lastKnownFileType = sourcecode.javascript; path = rich_editor.js; sourceTree = "<group>"; };
		9313BA7A2689A467008F566C /* rich_editor.html */ = {isa = PBXFileReference; fileEncoding = 4; lastKnownFileType = text.html; path = rich_editor.html; sourceTree = "<group>"; };
		9313BA7B2689A467008F566C /* style.css */ = {isa = PBXFileReference; fileEncoding = 4; lastKnownFileType = text.css; path = style.css; sourceTree = "<group>"; };
		9313BA7C2689A467008F566C /* normalize.css */ = {isa = PBXFileReference; fileEncoding = 4; lastKnownFileType = text.css; path = normalize.css; sourceTree = "<group>"; };
		9313BA7D2689A467008F566C /* Assets.xcassets */ = {isa = PBXFileReference; lastKnownFileType = folder.assetcatalog; path = Assets.xcassets; sourceTree = "<group>"; };
		9313BA7E2689A467008F566C /* RichEditorToolbar.swift */ = {isa = PBXFileReference; fileEncoding = 4; lastKnownFileType = sourcecode.swift; path = RichEditorToolbar.swift; sourceTree = "<group>"; };
		9313BA7F2689A467008F566C /* RichEditorOptionItem.swift */ = {isa = PBXFileReference; fileEncoding = 4; lastKnownFileType = sourcecode.swift; path = RichEditorOptionItem.swift; sourceTree = "<group>"; };
		9313BA91268E1A4E008F566C /* DocThemeView.swift */ = {isa = PBXFileReference; lastKnownFileType = sourcecode.swift; path = DocThemeView.swift; sourceTree = "<group>"; };
		932FF8B026C1309300DE52F9 /* VideoTitleView.swift */ = {isa = PBXFileReference; fileEncoding = 4; lastKnownFileType = sourcecode.swift; path = VideoTitleView.swift; sourceTree = "<group>"; };
		932FF8B226C130CC00DE52F9 /* VideoGroupView.swift */ = {isa = PBXFileReference; fileEncoding = 4; lastKnownFileType = sourcecode.swift; path = VideoGroupView.swift; sourceTree = "<group>"; };
		932FF8B726C1367400DE52F9 /* AudioTitleView.swift */ = {isa = PBXFileReference; fileEncoding = 4; lastKnownFileType = sourcecode.swift; path = AudioTitleView.swift; sourceTree = "<group>"; };
		932FF8B926C136BD00DE52F9 /* AudioGroupView.swift */ = {isa = PBXFileReference; fileEncoding = 4; lastKnownFileType = sourcecode.swift; path = AudioGroupView.swift; sourceTree = "<group>"; };
		932FF8C026CF80ED00DE52F9 /* VideoTrimView.swift */ = {isa = PBXFileReference; lastKnownFileType = sourcecode.swift; path = VideoTrimView.swift; sourceTree = "<group>"; };
		932FF8C226D3779100DE52F9 /* RangeSlider.swift */ = {isa = PBXFileReference; lastKnownFileType = sourcecode.swift; path = RangeSlider.swift; sourceTree = "<group>"; };
		932FF8C526D5065200DE52F9 /* VideoFilterView.swift */ = {isa = PBXFileReference; fileEncoding = 4; lastKnownFileType = sourcecode.swift; path = VideoFilterView.swift; sourceTree = "<group>"; };
		933AA3092664B563000D6D48 /* MessagesGroupView.swift */ = {isa = PBXFileReference; lastKnownFileType = sourcecode.swift; path = MessagesGroupView.swift; sourceTree = "<group>"; };
		933AA30B2664EBA1000D6D48 /* PhotosSelectionView.swift */ = {isa = PBXFileReference; lastKnownFileType = sourcecode.swift; path = PhotosSelectionView.swift; sourceTree = "<group>"; };
		933AA30F26674FD8000D6D48 /* ImagePicker.swift */ = {isa = PBXFileReference; lastKnownFileType = sourcecode.swift; path = ImagePicker.swift; sourceTree = "<group>"; };
		933AA311266754F0000D6D48 /* PhotoPicker.swift */ = {isa = PBXFileReference; lastKnownFileType = sourcecode.swift; path = PhotoPicker.swift; sourceTree = "<group>"; };
		933AA31326675B62000D6D48 /* CustomImagePicker.swift */ = {isa = PBXFileReference; lastKnownFileType = sourcecode.swift; path = CustomImagePicker.swift; sourceTree = "<group>"; };
		934A21D626515EF300607821 /* NetworkService.swift */ = {isa = PBXFileReference; fileEncoding = 4; lastKnownFileType = sourcecode.swift; path = NetworkService.swift; sourceTree = "<group>"; };
		934B0E0626A58D4F0008DCE5 /* ModifyPasswordView.swift */ = {isa = PBXFileReference; lastKnownFileType = sourcecode.swift; path = ModifyPasswordView.swift; sourceTree = "<group>"; };
		934B0E0A26AE887B0008DCE5 /* GuardianViewModel.swift */ = {isa = PBXFileReference; lastKnownFileType = sourcecode.swift; path = GuardianViewModel.swift; sourceTree = "<group>"; };
		934B0E0E26AECDE50008DCE5 /* ContactViewModel.swift */ = {isa = PBXFileReference; lastKnownFileType = sourcecode.swift; path = ContactViewModel.swift; sourceTree = "<group>"; };
		934B0E1026B119EB0008DCE5 /* SponsorViewModel.swift */ = {isa = PBXFileReference; lastKnownFileType = sourcecode.swift; path = SponsorViewModel.swift; sourceTree = "<group>"; };
		934B0E1226B15ABE0008DCE5 /* ContactEditView.swift */ = {isa = PBXFileReference; fileEncoding = 4; lastKnownFileType = sourcecode.swift; path = ContactEditView.swift; sourceTree = "<group>"; };
		934B0E1426B27FD90008DCE5 /* GroupViewModel.swift */ = {isa = PBXFileReference; lastKnownFileType = sourcecode.swift; path = GroupViewModel.swift; sourceTree = "<group>"; };
		934B0E1626B28FEC0008DCE5 /* TextViewModel.swift */ = {isa = PBXFileReference; lastKnownFileType = sourcecode.swift; path = TextViewModel.swift; sourceTree = "<group>"; };
		934B0E1826B28FFC0008DCE5 /* AudioViewModel.swift */ = {isa = PBXFileReference; lastKnownFileType = sourcecode.swift; path = AudioViewModel.swift; sourceTree = "<group>"; };
		934B0E1A26B2904E0008DCE5 /* VideoViewModel.swift */ = {isa = PBXFileReference; lastKnownFileType = sourcecode.swift; path = VideoViewModel.swift; sourceTree = "<group>"; };
		934B0E1C26B290640008DCE5 /* GalleryViewModel.swift */ = {isa = PBXFileReference; lastKnownFileType = sourcecode.swift; path = GalleryViewModel.swift; sourceTree = "<group>"; };
		9354046926C0C8B4004BE5B9 /* TextAlert.swift */ = {isa = PBXFileReference; lastKnownFileType = sourcecode.swift; path = TextAlert.swift; sourceTree = "<group>"; };
		93553A6E2647015D0027BA06 /* Messangel.app */ = {isa = PBXFileReference; explicitFileType = wrapper.application; includeInIndex = 0; path = Messangel.app; sourceTree = BUILT_PRODUCTS_DIR; };
		93553A712647015D0027BA06 /* MessangelApp.swift */ = {isa = PBXFileReference; lastKnownFileType = sourcecode.swift; path = MessangelApp.swift; sourceTree = "<group>"; };
		93553A732647015D0027BA06 /* ContentView.swift */ = {isa = PBXFileReference; lastKnownFileType = sourcecode.swift; path = ContentView.swift; sourceTree = "<group>"; };
		93553A75264701600027BA06 /* Assets.xcassets */ = {isa = PBXFileReference; lastKnownFileType = folder.assetcatalog; path = Assets.xcassets; sourceTree = "<group>"; };
		93553A78264701600027BA06 /* Preview Assets.xcassets */ = {isa = PBXFileReference; lastKnownFileType = folder.assetcatalog; path = "Preview Assets.xcassets"; sourceTree = "<group>"; };
		93553A7A264701600027BA06 /* Info.plist */ = {isa = PBXFileReference; lastKnownFileType = text.plist.xml; path = Info.plist; sourceTree = "<group>"; };
		93553A81264701C50027BA06 /* KeyboardResponder.swift */ = {isa = PBXFileReference; fileEncoding = 4; lastKnownFileType = sourcecode.swift; path = KeyboardResponder.swift; sourceTree = "<group>"; };
		93553A83264701E60027BA06 /* Styles.swift */ = {isa = PBXFileReference; fileEncoding = 4; lastKnownFileType = sourcecode.swift; path = Styles.swift; sourceTree = "<group>"; };
		93553A85264701E60027BA06 /* StartView.swift */ = {isa = PBXFileReference; fileEncoding = 4; lastKnownFileType = sourcecode.swift; path = StartView.swift; sourceTree = "<group>"; };
		93553A86264701E60027BA06 /* CustomViews.swift */ = {isa = PBXFileReference; fileEncoding = 4; lastKnownFileType = sourcecode.swift; path = CustomViews.swift; sourceTree = "<group>"; };
		93553A87264701E60027BA06 /* LoginView.swift */ = {isa = PBXFileReference; fileEncoding = 4; lastKnownFileType = sourcecode.swift; path = LoginView.swift; sourceTree = "<group>"; };
		93553A89264701E60027BA06 /* SignupGenderView.swift */ = {isa = PBXFileReference; fileEncoding = 4; lastKnownFileType = sourcecode.swift; path = SignupGenderView.swift; sourceTree = "<group>"; };
		93553A8A264701E60027BA06 /* SignupBaseView.swift */ = {isa = PBXFileReference; fileEncoding = 4; lastKnownFileType = sourcecode.swift; path = SignupBaseView.swift; sourceTree = "<group>"; };
		93553A8B264701E60027BA06 /* SignupTelIntroView.swift */ = {isa = PBXFileReference; fileEncoding = 4; lastKnownFileType = sourcecode.swift; path = SignupTelIntroView.swift; sourceTree = "<group>"; };
		93553A8C264701E60027BA06 /* SignupPasswrdView.swift */ = {isa = PBXFileReference; fileEncoding = 4; lastKnownFileType = sourcecode.swift; path = SignupPasswrdView.swift; sourceTree = "<group>"; };
		93553A8D264701E60027BA06 /* SignupDoneView.swift */ = {isa = PBXFileReference; fileEncoding = 4; lastKnownFileType = sourcecode.swift; path = SignupDoneView.swift; sourceTree = "<group>"; };
		93553A8E264701E60027BA06 /* SignupNameView.swift */ = {isa = PBXFileReference; fileEncoding = 4; lastKnownFileType = sourcecode.swift; path = SignupNameView.swift; sourceTree = "<group>"; };
		93553A8F264701E60027BA06 /* SignupCodeView.swift */ = {isa = PBXFileReference; fileEncoding = 4; lastKnownFileType = sourcecode.swift; path = SignupCodeView.swift; sourceTree = "<group>"; };
		93553A90264701E60027BA06 /* SignupPostcodeView.swift */ = {isa = PBXFileReference; fileEncoding = 4; lastKnownFileType = sourcecode.swift; path = SignupPostcodeView.swift; sourceTree = "<group>"; };
		93553A91264701E60027BA06 /* SignupEmailView.swift */ = {isa = PBXFileReference; fileEncoding = 4; lastKnownFileType = sourcecode.swift; path = SignupEmailView.swift; sourceTree = "<group>"; };
		93553A92264701E60027BA06 /* SignupIntroView.swift */ = {isa = PBXFileReference; fileEncoding = 4; lastKnownFileType = sourcecode.swift; path = SignupIntroView.swift; sourceTree = "<group>"; };
		93553A93264701E60027BA06 /* SignupTelView.swift */ = {isa = PBXFileReference; fileEncoding = 4; lastKnownFileType = sourcecode.swift; path = SignupTelView.swift; sourceTree = "<group>"; };
		93553A94264701E60027BA06 /* SignupBirthView.swift */ = {isa = PBXFileReference; fileEncoding = 4; lastKnownFileType = sourcecode.swift; path = SignupBirthView.swift; sourceTree = "<group>"; };
		93553AA7264802A90027BA06 /* Extensions.swift */ = {isa = PBXFileReference; lastKnownFileType = sourcecode.swift; path = Extensions.swift; sourceTree = "<group>"; };
		93553AA9264841780027BA06 /* SignupOTPView.swift */ = {isa = PBXFileReference; lastKnownFileType = sourcecode.swift; path = SignupOTPView.swift; sourceTree = "<group>"; };
		93553AAB264845110027BA06 /* CustomNumberPad.swift */ = {isa = PBXFileReference; fileEncoding = 4; lastKnownFileType = sourcecode.swift; path = CustomNumberPad.swift; sourceTree = "<group>"; };
		93553AAD2648CD680027BA06 /* Auth.swift */ = {isa = PBXFileReference; lastKnownFileType = sourcecode.swift; path = Auth.swift; sourceTree = "<group>"; };
		93553AB1264A22DA0027BA06 /* Launch Screen.storyboard */ = {isa = PBXFileReference; lastKnownFileType = file.storyboard; path = "Launch Screen.storyboard"; sourceTree = "<group>"; };
		93553AB3264A992F0027BA06 /* TabBarView.swift */ = {isa = PBXFileReference; fileEncoding = 4; lastKnownFileType = sourcecode.swift; path = TabBarView.swift; sourceTree = "<group>"; };
		935A5989265B6CA6005B0505 /* MenuBaseView.swift */ = {isa = PBXFileReference; lastKnownFileType = sourcecode.swift; path = MenuBaseView.swift; sourceTree = "<group>"; };
		935A598B265BA3B0005B0505 /* AccessSecurityView.swift */ = {isa = PBXFileReference; lastKnownFileType = sourcecode.swift; path = AccessSecurityView.swift; sourceTree = "<group>"; };
		935A598D265BAF8E005B0505 /* EditSubscriptionView.swift */ = {isa = PBXFileReference; lastKnownFileType = sourcecode.swift; path = EditSubscriptionView.swift; sourceTree = "<group>"; };
		935A598F265BAFA8005B0505 /* ContactsListView.swift */ = {isa = PBXFileReference; lastKnownFileType = sourcecode.swift; path = ContactsListView.swift; sourceTree = "<group>"; };
		935A5991265BAFDD005B0505 /* SponsorView.swift */ = {isa = PBXFileReference; lastKnownFileType = sourcecode.swift; path = SponsorView.swift; sourceTree = "<group>"; };
		935A5993265BAFF4005B0505 /* NotificationsView.swift */ = {isa = PBXFileReference; lastKnownFileType = sourcecode.swift; path = NotificationsView.swift; sourceTree = "<group>"; };
		935A5995265BB02B005B0505 /* SuggestionsView.swift */ = {isa = PBXFileReference; lastKnownFileType = sourcecode.swift; path = SuggestionsView.swift; sourceTree = "<group>"; };
		935A5997265BB040005B0505 /* FAQView.swift */ = {isa = PBXFileReference; lastKnownFileType = sourcecode.swift; path = FAQView.swift; sourceTree = "<group>"; };
		935A5999265BB074005B0505 /* AboutView.swift */ = {isa = PBXFileReference; lastKnownFileType = sourcecode.swift; path = AboutView.swift; sourceTree = "<group>"; };
		935A599B265CD91E005B0505 /* CreateContactView.swift */ = {isa = PBXFileReference; lastKnownFileType = sourcecode.swift; path = CreateContactView.swift; sourceTree = "<group>"; };
		935A59A0265E18EA005B0505 /* UnsubscribeConfirmView.swift */ = {isa = PBXFileReference; lastKnownFileType = sourcecode.swift; path = UnsubscribeConfirmView.swift; sourceTree = "<group>"; };
		935A59A2265E536B005B0505 /* UnsubscribeReasonView.swift */ = {isa = PBXFileReference; lastKnownFileType = sourcecode.swift; path = UnsubscribeReasonView.swift; sourceTree = "<group>"; };
		935A59A4265F7029005B0505 /* MessagesBottomView.swift */ = {isa = PBXFileReference; lastKnownFileType = sourcecode.swift; path = MessagesBottomView.swift; sourceTree = "<group>"; };
		9369D53D265639F100650AA7 /* MenuView.swift */ = {isa = PBXFileReference; lastKnownFileType = sourcecode.swift; path = MenuView.swift; sourceTree = "<group>"; };
		9369D54026563DED00650AA7 /* ProfileView.swift */ = {isa = PBXFileReference; lastKnownFileType = sourcecode.swift; path = ProfileView.swift; sourceTree = "<group>"; };
		937CA4AF26526539004A0227 /* HomeView.swift */ = {isa = PBXFileReference; lastKnownFileType = sourcecode.swift; path = HomeView.swift; sourceTree = "<group>"; };
		937CA4B126528FB7004A0227 /* SubscriptionView.swift */ = {isa = PBXFileReference; lastKnownFileType = sourcecode.swift; path = SubscriptionView.swift; sourceTree = "<group>"; };
		937CA4B32653E702004A0227 /* GuardianFormIntroView.swift */ = {isa = PBXFileReference; lastKnownFileType = sourcecode.swift; path = GuardianFormIntroView.swift; sourceTree = "<group>"; };
		937CA4B62653E7A3004A0227 /* GuardianFormBaseView.swift */ = {isa = PBXFileReference; lastKnownFileType = sourcecode.swift; path = GuardianFormBaseView.swift; sourceTree = "<group>"; };
		937CA4B82653EC0C004A0227 /* GuardianFormLastNameView.swift */ = {isa = PBXFileReference; lastKnownFileType = sourcecode.swift; path = GuardianFormLastNameView.swift; sourceTree = "<group>"; };
		937CA4BA2653EC21004A0227 /* GuardianFormFirstNameView.swift */ = {isa = PBXFileReference; lastKnownFileType = sourcecode.swift; path = GuardianFormFirstNameView.swift; sourceTree = "<group>"; };
		937CA4BC2654FAAD004A0227 /* GuardianFormEmailView.swift */ = {isa = PBXFileReference; fileEncoding = 4; lastKnownFileType = sourcecode.swift; path = GuardianFormEmailView.swift; sourceTree = "<group>"; };
		937CA4BE2654FB36004A0227 /* GuardianFormConfirmEmailView.swift */ = {isa = PBXFileReference; fileEncoding = 4; lastKnownFileType = sourcecode.swift; path = GuardianFormConfirmEmailView.swift; sourceTree = "<group>"; };
		937CA4C02654FC5E004A0227 /* GuardianFormLegalAgeView.swift */ = {isa = PBXFileReference; fileEncoding = 4; lastKnownFileType = sourcecode.swift; path = GuardianFormLegalAgeView.swift; sourceTree = "<group>"; };
		937CA4C22654FD03004A0227 /* GuardianFormNoteView.swift */ = {isa = PBXFileReference; fileEncoding = 4; lastKnownFileType = sourcecode.swift; path = GuardianFormNoteView.swift; sourceTree = "<group>"; };
		937CA4C42654FE63004A0227 /* GuardianFormDoneView.swift */ = {isa = PBXFileReference; fileEncoding = 4; lastKnownFileType = sourcecode.swift; path = GuardianFormDoneView.swift; sourceTree = "<group>"; };
		937CA4C6265500A8004A0227 /* GuardianFormConfirmSendView.swift */ = {isa = PBXFileReference; fileEncoding = 4; lastKnownFileType = sourcecode.swift; path = GuardianFormConfirmSendView.swift; sourceTree = "<group>"; };
		93816BA12692D21D0060DC0C /* PDF.swift */ = {isa = PBXFileReference; fileEncoding = 4; lastKnownFileType = sourcecode.swift; path = PDF.swift; sourceTree = "<group>"; };
		93816BA22692D21D0060DC0C /* HTML.swift */ = {isa = PBXFileReference; fileEncoding = 4; lastKnownFileType = sourcecode.swift; path = HTML.swift; sourceTree = "<group>"; };
		938313902671E46E00C71C98 /* PHAssetCollection.swift */ = {isa = PBXFileReference; fileEncoding = 4; lastKnownFileType = sourcecode.swift; path = PHAssetCollection.swift; sourceTree = "<group>"; };
		938313912671E46E00C71C98 /* PHAsset.swift */ = {isa = PBXFileReference; fileEncoding = 4; lastKnownFileType = sourcecode.swift; path = PHAsset.swift; sourceTree = "<group>"; };
		938313922671E46E00C71C98 /* PHPhotoLibrary.swift */ = {isa = PBXFileReference; fileEncoding = 4; lastKnownFileType = sourcecode.swift; path = PHPhotoLibrary.swift; sourceTree = "<group>"; };
		9383139626787BD800C71C98 /* AudioRecorderView.swift */ = {isa = PBXFileReference; lastKnownFileType = sourcecode.swift; path = AudioRecorderView.swift; sourceTree = "<group>"; };
		938313982678966C00C71C98 /* VideoRecoderView.swift */ = {isa = PBXFileReference; lastKnownFileType = sourcecode.swift; path = VideoRecoderView.swift; sourceTree = "<group>"; };
		93ADF5AE2679D75100BB9F14 /* CameraController.swift */ = {isa = PBXFileReference; lastKnownFileType = sourcecode.swift; path = CameraController.swift; sourceTree = "<group>"; };
		93ADF5B0268060D100BB9F14 /* StopWatchManager.swift */ = {isa = PBXFileReference; lastKnownFileType = sourcecode.swift; path = StopWatchManager.swift; sourceTree = "<group>"; };
		93AEEF4E26709B8500D99BC2 /* Observable.swift */ = {isa = PBXFileReference; lastKnownFileType = sourcecode.swift; path = Observable.swift; sourceTree = "<group>"; };
		93AEEF502670A52300D99BC2 /* AlbumImage.swift */ = {isa = PBXFileReference; lastKnownFileType = sourcecode.swift; path = AlbumImage.swift; sourceTree = "<group>"; };
		93AEEF532670C94200D99BC2 /* AlbumViewModel.swift */ = {isa = PBXFileReference; lastKnownFileType = sourcecode.swift; path = AlbumViewModel.swift; sourceTree = "<group>"; };
		93CC8A3B265FBEA200A28455 /* OnboardingViews.swift */ = {isa = PBXFileReference; lastKnownFileType = sourcecode.swift; path = OnboardingViews.swift; sourceTree = "<group>"; };
		93EFE7C82695EA3700F50894 /* AttributedText.swift */ = {isa = PBXFileReference; fileEncoding = 4; lastKnownFileType = sourcecode.swift; path = AttributedText.swift; sourceTree = "<group>"; };
		93EFE7C92695EA3700F50894 /* TextViewStore.swift */ = {isa = PBXFileReference; fileEncoding = 4; lastKnownFileType = sourcecode.swift; path = TextViewStore.swift; sourceTree = "<group>"; };
		93EFE7CA2695EA3700F50894 /* NSLineBreakMode+TruncationMode.swift */ = {isa = PBXFileReference; fileEncoding = 4; lastKnownFileType = sourcecode.swift; path = "NSLineBreakMode+TruncationMode.swift"; sourceTree = "<group>"; };
		93EFE7CB2695EA3700F50894 /* TextViewWrapper+UITextView.swift */ = {isa = PBXFileReference; fileEncoding = 4; lastKnownFileType = sourcecode.swift; path = "TextViewWrapper+UITextView.swift"; sourceTree = "<group>"; };
		93EFE7CC2695EA3700F50894 /* TextViewWrapper+NSTextView.swift */ = {isa = PBXFileReference; fileEncoding = 4; lastKnownFileType = sourcecode.swift; path = "TextViewWrapper+NSTextView.swift"; sourceTree = "<group>"; };
		93EFE7D226971D8200F50894 /* DocTitleView.swift */ = {isa = PBXFileReference; lastKnownFileType = sourcecode.swift; path = DocTitleView.swift; sourceTree = "<group>"; };
		93EFE7D4269BD73500F50894 /* DocGroupView.swift */ = {isa = PBXFileReference; lastKnownFileType = sourcecode.swift; path = DocGroupView.swift; sourceTree = "<group>"; };
		93EFE7D6269D9CEE00F50894 /* User.swift */ = {isa = PBXFileReference; lastKnownFileType = sourcecode.swift; path = User.swift; sourceTree = "<group>"; };
		93EFE7D8269E04D500F50894 /* UserViewModel.swift */ = {isa = PBXFileReference; lastKnownFileType = sourcecode.swift; path = UserViewModel.swift; sourceTree = "<group>"; };
/* End PBXFileReference section */

/* Begin PBXFrameworksBuildPhase section */
		93553A6B2647015D0027BA06 /* Frameworks */ = {
			isa = PBXFrameworksBuildPhase;
			buildActionMask = 2147483647;
			files = (
				93EFE7DF26A06C1C00F50894 /* SwiftUIX in Frameworks */,
				933AA317266A661F000D6D48 /* NavigationStack in Frameworks */,
			);
			runOnlyForDeploymentPostprocessing = 0;
		};
/* End PBXFrameworksBuildPhase section */

/* Begin PBXGroup section */
		9313BA702689A467008F566C /* RichEditorView */ = {
			isa = PBXGroup;
			children = (
				9313BA712689A467008F566C /* RichEditorView.swift */,
				9313BA722689A467008F566C /* String+Extensions.swift */,
				9313BA732689A467008F566C /* UIColor+Extensions.swift */,
				9313BA742689A467008F566C /* Resources */,
				9313BA7D2689A467008F566C /* Assets.xcassets */,
				9313BA7E2689A467008F566C /* RichEditorToolbar.swift */,
				9313BA7F2689A467008F566C /* RichEditorOptionItem.swift */,
			);
			path = RichEditorView;
			sourceTree = "<group>";
		};
		9313BA742689A467008F566C /* Resources */ = {
			isa = PBXGroup;
			children = (
				9313BA752689A467008F566C /* editor */,
			);
			path = Resources;
			sourceTree = "<group>";
		};
		9313BA752689A467008F566C /* editor */ = {
			isa = PBXGroup;
			children = (
				9313BA782689A467008F566C /* rich_editor.js */,
				9313BA7A2689A467008F566C /* rich_editor.html */,
				9313BA7B2689A467008F566C /* style.css */,
				9313BA7C2689A467008F566C /* normalize.css */,
			);
			path = editor;
			sourceTree = "<group>";
		};
		932FF8B426C130FB00DE52F9 /* Video */ = {
			isa = PBXGroup;
			children = (
				938313982678966C00C71C98 /* VideoRecoderView.swift */,
				932FF8C026CF80ED00DE52F9 /* VideoTrimView.swift */,
				932FF8C526D5065200DE52F9 /* VideoFilterView.swift */,
				932FF8B026C1309300DE52F9 /* VideoTitleView.swift */,
				932FF8B226C130CC00DE52F9 /* VideoGroupView.swift */,
			);
			path = Video;
			sourceTree = "<group>";
		};
		932FF8B526C1310E00DE52F9 /* Text */ = {
			isa = PBXGroup;
			children = (
				9313BA6E26846019008F566C /* TextEditorView.swift */,
				9313BA91268E1A4E008F566C /* DocThemeView.swift */,
				93EFE7D226971D8200F50894 /* DocTitleView.swift */,
				93EFE7D4269BD73500F50894 /* DocGroupView.swift */,
			);
			path = Text;
			sourceTree = "<group>";
		};
		932FF8B626C1312500DE52F9 /* Audio */ = {
			isa = PBXGroup;
			children = (
				9383139626787BD800C71C98 /* AudioRecorderView.swift */,
				932FF8B726C1367400DE52F9 /* AudioTitleView.swift */,
				932FF8B926C136BD00DE52F9 /* AudioGroupView.swift */,
			);
			path = Audio;
			sourceTree = "<group>";
		};
		93553A652647015D0027BA06 = {
			isa = PBXGroup;
			children = (
				93553A702647015D0027BA06 /* Messangel */,
				93553A6F2647015D0027BA06 /* Products */,
			);
			sourceTree = "<group>";
		};
		93553A6F2647015D0027BA06 /* Products */ = {
			isa = PBXGroup;
			children = (
				93553A6E2647015D0027BA06 /* Messangel.app */,
			);
			name = Products;
			sourceTree = "<group>";
		};
		93553A702647015D0027BA06 /* Messangel */ = {
			isa = PBXGroup;
			children = (
				93553A712647015D0027BA06 /* MessangelApp.swift */,
				93553A732647015D0027BA06 /* ContentView.swift */,
				93553A83264701E60027BA06 /* Styles.swift */,
				9383138E2671E44500C71C98 /* Extensions */,
				93AEEF522670A53000D99BC2 /* Models */,
				93AEEF4D26709B1000D99BC2 /* ViewModels */,
				93553A84264701E60027BA06 /* Views */,
				93553A80264701C50027BA06 /* Helpers */,
				9313BA702689A467008F566C /* RichEditorView */,
				93553A75264701600027BA06 /* Assets.xcassets */,
				93553A7A264701600027BA06 /* Info.plist */,
				93553AB1264A22DA0027BA06 /* Launch Screen.storyboard */,
				93553A77264701600027BA06 /* Preview Content */,
			);
			path = Messangel;
			sourceTree = "<group>";
		};
		93553A77264701600027BA06 /* Preview Content */ = {
			isa = PBXGroup;
			children = (
				93553A78264701600027BA06 /* Preview Assets.xcassets */,
			);
			path = "Preview Content";
			sourceTree = "<group>";
		};
		93553A80264701C50027BA06 /* Helpers */ = {
			isa = PBXGroup;
			children = (
				93EFE7C72695EA3700F50894 /* AttributedText */,
				934A21D626515EF300607821 /* NetworkService.swift */,
				93553A81264701C50027BA06 /* KeyboardResponder.swift */,
				933AA30F26674FD8000D6D48 /* ImagePicker.swift */,
				933AA311266754F0000D6D48 /* PhotoPicker.swift */,
				93ADF5AE2679D75100BB9F14 /* CameraController.swift */,
				93ADF5B0268060D100BB9F14 /* StopWatchManager.swift */,
				93816BA22692D21D0060DC0C /* HTML.swift */,
				93816BA12692D21D0060DC0C /* PDF.swift */,
				9354046926C0C8B4004BE5B9 /* TextAlert.swift */,
				932FF8C226D3779100DE52F9 /* RangeSlider.swift */,
			);
			path = Helpers;
			sourceTree = "<group>";
		};
		93553A84264701E60027BA06 /* Views */ = {
			isa = PBXGroup;
			children = (
				93553AB7264EC68C0027BA06 /* Custom */,
				93553A85264701E60027BA06 /* StartView.swift */,
				93553A87264701E60027BA06 /* LoginView.swift */,
				93553AB3264A992F0027BA06 /* TabBarView.swift */,
				93CC8A3B265FBEA200A28455 /* OnboardingViews.swift */,
				93553A88264701E60027BA06 /* Signup */,
				9369D53C2656399500650AA7 /* Home */,
				935A59A6265F7032005B0505 /* Messages */,
			);
			path = Views;
			sourceTree = "<group>";
		};
		93553A88264701E60027BA06 /* Signup */ = {
			isa = PBXGroup;
			children = (
				93553A8A264701E60027BA06 /* SignupBaseView.swift */,
				93553A92264701E60027BA06 /* SignupIntroView.swift */,
				93553A8E264701E60027BA06 /* SignupNameView.swift */,
				93553A94264701E60027BA06 /* SignupBirthView.swift */,
				93553A90264701E60027BA06 /* SignupPostcodeView.swift */,
				93553A89264701E60027BA06 /* SignupGenderView.swift */,
				93553A91264701E60027BA06 /* SignupEmailView.swift */,
				93553A8C264701E60027BA06 /* SignupPasswrdView.swift */,
				93553A8B264701E60027BA06 /* SignupTelIntroView.swift */,
				93553A93264701E60027BA06 /* SignupTelView.swift */,
				93553A8F264701E60027BA06 /* SignupCodeView.swift */,
				93553AA9264841780027BA06 /* SignupOTPView.swift */,
				93553A8D264701E60027BA06 /* SignupDoneView.swift */,
			);
			path = Signup;
			sourceTree = "<group>";
		};
		93553AB7264EC68C0027BA06 /* Custom */ = {
			isa = PBXGroup;
			children = (
				93553A86264701E60027BA06 /* CustomViews.swift */,
				93553AAB264845110027BA06 /* CustomNumberPad.swift */,
			);
			path = Custom;
			sourceTree = "<group>";
		};
		935A59A6265F7032005B0505 /* Messages */ = {
			isa = PBXGroup;
			children = (
				935A59A4265F7029005B0505 /* MessagesBottomView.swift */,
				933AA3092664B563000D6D48 /* MessagesGroupView.swift */,
				933AA30B2664EBA1000D6D48 /* PhotosSelectionView.swift */,
				933AA31326675B62000D6D48 /* CustomImagePicker.swift */,
				932FF8B526C1310E00DE52F9 /* Text */,
				932FF8B426C130FB00DE52F9 /* Video */,
				932FF8B626C1312500DE52F9 /* Audio */,
			);
			path = Messages;
			sourceTree = "<group>";
		};
		9369D53C2656399500650AA7 /* Home */ = {
			isa = PBXGroup;
			children = (
				9369D53F265639FB00650AA7 /* Menu */,
				937CA4B52653E724004A0227 /* GuardianForm */,
				937CA4AF26526539004A0227 /* HomeView.swift */,
				937CA4B126528FB7004A0227 /* SubscriptionView.swift */,
			);
			path = Home;
			sourceTree = "<group>";
		};
		9369D53F265639FB00650AA7 /* Menu */ = {
			isa = PBXGroup;
			children = (
				9369D53D265639F100650AA7 /* MenuView.swift */,
				935A5989265B6CA6005B0505 /* MenuBaseView.swift */,
				9369D54026563DED00650AA7 /* ProfileView.swift */,
				935A598B265BA3B0005B0505 /* AccessSecurityView.swift */,
				934B0E0626A58D4F0008DCE5 /* ModifyPasswordView.swift */,
				935A598D265BAF8E005B0505 /* EditSubscriptionView.swift */,
				935A59A0265E18EA005B0505 /* UnsubscribeConfirmView.swift */,
				935A59A2265E536B005B0505 /* UnsubscribeReasonView.swift */,
				935A598F265BAFA8005B0505 /* ContactsListView.swift */,
				934B0E1226B15ABE0008DCE5 /* ContactEditView.swift */,
				935A599B265CD91E005B0505 /* CreateContactView.swift */,
				935A5991265BAFDD005B0505 /* SponsorView.swift */,
				935A5993265BAFF4005B0505 /* NotificationsView.swift */,
				935A5995265BB02B005B0505 /* SuggestionsView.swift */,
				935A5997265BB040005B0505 /* FAQView.swift */,
				935A5999265BB074005B0505 /* AboutView.swift */,
			);
			path = Menu;
			sourceTree = "<group>";
		};
		937CA4B52653E724004A0227 /* GuardianForm */ = {
			isa = PBXGroup;
			children = (
				937CA4B62653E7A3004A0227 /* GuardianFormBaseView.swift */,
				937CA4B32653E702004A0227 /* GuardianFormIntroView.swift */,
				937CA4B82653EC0C004A0227 /* GuardianFormLastNameView.swift */,
				937CA4BA2653EC21004A0227 /* GuardianFormFirstNameView.swift */,
				937CA4BC2654FAAD004A0227 /* GuardianFormEmailView.swift */,
				937CA4BE2654FB36004A0227 /* GuardianFormConfirmEmailView.swift */,
				937CA4C02654FC5E004A0227 /* GuardianFormLegalAgeView.swift */,
				937CA4C22654FD03004A0227 /* GuardianFormNoteView.swift */,
				937CA4C6265500A8004A0227 /* GuardianFormConfirmSendView.swift */,
				937CA4C42654FE63004A0227 /* GuardianFormDoneView.swift */,
			);
			path = GuardianForm;
			sourceTree = "<group>";
		};
		9383138E2671E44500C71C98 /* Extensions */ = {
			isa = PBXGroup;
			children = (
				9383138F2671E46E00C71C98 /* Photo */,
				93553AA7264802A90027BA06 /* Extensions.swift */,
			);
			path = Extensions;
			sourceTree = "<group>";
		};
		9383138F2671E46E00C71C98 /* Photo */ = {
			isa = PBXGroup;
			children = (
				938313902671E46E00C71C98 /* PHAssetCollection.swift */,
				938313912671E46E00C71C98 /* PHAsset.swift */,
				938313922671E46E00C71C98 /* PHPhotoLibrary.swift */,
			);
			path = Photo;
			sourceTree = "<group>";
		};
		93AEEF4D26709B1000D99BC2 /* ViewModels */ = {
			isa = PBXGroup;
			children = (
				93AEEF4E26709B8500D99BC2 /* Observable.swift */,
				93553AAD2648CD680027BA06 /* Auth.swift */,
				93AEEF532670C94200D99BC2 /* AlbumViewModel.swift */,
				93EFE7D8269E04D500F50894 /* UserViewModel.swift */,
				934B0E0A26AE887B0008DCE5 /* GuardianViewModel.swift */,
				934B0E0E26AECDE50008DCE5 /* ContactViewModel.swift */,
				934B0E1026B119EB0008DCE5 /* SponsorViewModel.swift */,
				934B0E1426B27FD90008DCE5 /* GroupViewModel.swift */,
				934B0E1626B28FEC0008DCE5 /* TextViewModel.swift */,
				934B0E1826B28FFC0008DCE5 /* AudioViewModel.swift */,
				934B0E1A26B2904E0008DCE5 /* VideoViewModel.swift */,
				934B0E1C26B290640008DCE5 /* GalleryViewModel.swift */,
			);
			path = ViewModels;
			sourceTree = "<group>";
		};
		93AEEF522670A53000D99BC2 /* Models */ = {
			isa = PBXGroup;
			children = (
				93AEEF502670A52300D99BC2 /* AlbumImage.swift */,
				93EFE7D6269D9CEE00F50894 /* User.swift */,
			);
			path = Models;
			sourceTree = "<group>";
		};
		93EFE7C72695EA3700F50894 /* AttributedText */ = {
			isa = PBXGroup;
			children = (
				93EFE7C82695EA3700F50894 /* AttributedText.swift */,
				93EFE7C92695EA3700F50894 /* TextViewStore.swift */,
				93EFE7CA2695EA3700F50894 /* NSLineBreakMode+TruncationMode.swift */,
				93EFE7CB2695EA3700F50894 /* TextViewWrapper+UITextView.swift */,
				93EFE7CC2695EA3700F50894 /* TextViewWrapper+NSTextView.swift */,
			);
			path = AttributedText;
			sourceTree = "<group>";
		};
/* End PBXGroup section */

/* Begin PBXNativeTarget section */
		93553A6D2647015D0027BA06 /* Messangel */ = {
			isa = PBXNativeTarget;
			buildConfigurationList = 93553A7D264701600027BA06 /* Build configuration list for PBXNativeTarget "Messangel" */;
			buildPhases = (
				93553A6A2647015D0027BA06 /* Sources */,
				93553A6B2647015D0027BA06 /* Frameworks */,
				93553A6C2647015D0027BA06 /* Resources */,
			);
			buildRules = (
			);
			dependencies = (
			);
			name = Messangel;
			packageProductDependencies = (
				933AA316266A661F000D6D48 /* NavigationStack */,
				93EFE7DE26A06C1C00F50894 /* SwiftUIX */,
			);
			productName = Messangel;
			productReference = 93553A6E2647015D0027BA06 /* Messangel.app */;
			productType = "com.apple.product-type.application";
		};
/* End PBXNativeTarget section */

/* Begin PBXProject section */
		93553A662647015D0027BA06 /* Project object */ = {
			isa = PBXProject;
			attributes = {
				LastSwiftUpdateCheck = 1250;
				LastUpgradeCheck = 1250;
				TargetAttributes = {
					93553A6D2647015D0027BA06 = {
						CreatedOnToolsVersion = 12.5;
					};
				};
			};
			buildConfigurationList = 93553A692647015D0027BA06 /* Build configuration list for PBXProject "Messangel" */;
			compatibilityVersion = "Xcode 9.3";
			developmentRegion = en;
			hasScannedForEncodings = 0;
			knownRegions = (
				en,
				Base,
			);
			mainGroup = 93553A652647015D0027BA06;
			packageReferences = (
				933AA315266A661F000D6D48 /* XCRemoteSwiftPackageReference "NavigationStack" */,
				93EFE7DD26A06C1C00F50894 /* XCRemoteSwiftPackageReference "SwiftUIX" */,
			);
			productRefGroup = 93553A6F2647015D0027BA06 /* Products */;
			projectDirPath = "";
			projectRoot = "";
			targets = (
				93553A6D2647015D0027BA06 /* Messangel */,
			);
		};
/* End PBXProject section */

/* Begin PBXResourcesBuildPhase section */
		93553A6C2647015D0027BA06 /* Resources */ = {
			isa = PBXResourcesBuildPhase;
			buildActionMask = 2147483647;
			files = (
				9313BA872689A467008F566C /* rich_editor.html in Resources */,
				93553AB2264A22DA0027BA06 /* Launch Screen.storyboard in Resources */,
				93553A79264701600027BA06 /* Preview Assets.xcassets in Resources */,
				9313BA8A2689A467008F566C /* Assets.xcassets in Resources */,
				9313BA882689A467008F566C /* style.css in Resources */,
				9313BA852689A467008F566C /* rich_editor.js in Resources */,
				9313BA892689A467008F566C /* normalize.css in Resources */,
				93553A76264701600027BA06 /* Assets.xcassets in Resources */,
			);
			runOnlyForDeploymentPostprocessing = 0;
		};
/* End PBXResourcesBuildPhase section */

/* Begin PBXSourcesBuildPhase section */
		93553A6A2647015D0027BA06 /* Sources */ = {
			isa = PBXSourcesBuildPhase;
			buildActionMask = 2147483647;
			files = (
				93553A9B264701E60027BA06 /* SignupBaseView.swift in Sources */,
				9369D54126563DED00650AA7 /* ProfileView.swift in Sources */,
				932FF8C126CF80ED00DE52F9 /* VideoTrimView.swift in Sources */,
				935A598C265BA3B0005B0505 /* AccessSecurityView.swift in Sources */,
				9313BA822689A467008F566C /* UIColor+Extensions.swift in Sources */,
				937CA4C52654FE63004A0227 /* GuardianFormDoneView.swift in Sources */,
				93EFE7D9269E04D500F50894 /* UserViewModel.swift in Sources */,
				93EFE7E626A15D9700F50894 /* SignupBirthView.swift in Sources */,
				9313BA812689A467008F566C /* String+Extensions.swift in Sources */,
				937CA4BB2653EC21004A0227 /* GuardianFormFirstNameView.swift in Sources */,
				93EFE7EE26A15D9700F50894 /* SignupGenderView.swift in Sources */,
				933AA30C2664EBA1000D6D48 /* PhotosSelectionView.swift in Sources */,
				9369D53E265639F100650AA7 /* MenuView.swift in Sources */,
				934A21D726515EF300607821 /* NetworkService.swift in Sources */,
				934B0E1D26B290640008DCE5 /* GalleryViewModel.swift in Sources */,
				935A598E265BAF8E005B0505 /* EditSubscriptionView.swift in Sources */,
				93553A742647015D0027BA06 /* ContentView.swift in Sources */,
				937CA4B72653E7A3004A0227 /* GuardianFormBaseView.swift in Sources */,
				935A59A3265E536B005B0505 /* UnsubscribeReasonView.swift in Sources */,
				934B0E0B26AE887B0008DCE5 /* GuardianViewModel.swift in Sources */,
				937CA4C12654FC5E004A0227 /* GuardianFormLegalAgeView.swift in Sources */,
				93EFE7E826A15D9700F50894 /* SignupEmailView.swift in Sources */,
				937CA4BF2654FB36004A0227 /* GuardianFormConfirmEmailView.swift in Sources */,
				934B0E1726B28FEC0008DCE5 /* TextViewModel.swift in Sources */,
				937CA4B42653E702004A0227 /* GuardianFormIntroView.swift in Sources */,
				9313BA93268ED05F008F566C /* DocThemeView.swift in Sources */,
				938313992678966C00C71C98 /* VideoRecoderView.swift in Sources */,
				934B0E0F26AECDE50008DCE5 /* ContactViewModel.swift in Sources */,
				93EFE7EF26A15DA800F50894 /* SignupCodeView.swift in Sources */,
				933AA31426675B62000D6D48 /* CustomImagePicker.swift in Sources */,
				935A5992265BAFDD005B0505 /* SponsorView.swift in Sources */,
				935A599A265BB074005B0505 /* AboutView.swift in Sources */,
				93ADF5AF2679D75100BB9F14 /* CameraController.swift in Sources */,
				93EFE7D326971D8200F50894 /* DocTitleView.swift in Sources */,
				93EFE7D5269BD73500F50894 /* DocGroupView.swift in Sources */,
				933AA30A2664B563000D6D48 /* MessagesGroupView.swift in Sources */,
				93553A99264701E60027BA06 /* LoginView.swift in Sources */,
				93AEEF4F26709B8500D99BC2 /* Observable.swift in Sources */,
				9313BA8B2689A467008F566C /* RichEditorToolbar.swift in Sources */,
				93EFE7D12695EA3700F50894 /* TextViewWrapper+NSTextView.swift in Sources */,
				93553AAE2648CD680027BA06 /* Auth.swift in Sources */,
				93EFE7EC26A15D9700F50894 /* SignupOTPView.swift in Sources */,
				935A598A265B6CA6005B0505 /* MenuBaseView.swift in Sources */,
				937CA4B92653EC0C004A0227 /* GuardianFormLastNameView.swift in Sources */,
				93553A97264701E60027BA06 /* StartView.swift in Sources */,
				935A59A5265F7029005B0505 /* MessagesBottomView.swift in Sources */,
				932FF8BA26C136BD00DE52F9 /* AudioGroupView.swift in Sources */,
				9354046A26C0C8B4004BE5B9 /* TextAlert.swift in Sources */,
				937CA4C32654FD03004A0227 /* GuardianFormNoteView.swift in Sources */,
				93EFE7CD2695EA3700F50894 /* AttributedText.swift in Sources */,
				93553A722647015D0027BA06 /* MessangelApp.swift in Sources */,
				93553A98264701E60027BA06 /* CustomViews.swift in Sources */,
				93EFE7EA26A15D9700F50894 /* SignupTelIntroView.swift in Sources */,
				93816BA32692D21D0060DC0C /* PDF.swift in Sources */,
				937CA4B226528FB7004A0227 /* SubscriptionView.swift in Sources */,
				935A5994265BAFF4005B0505 /* NotificationsView.swift in Sources */,
				93EFE7EB26A15D9700F50894 /* SignupTelView.swift in Sources */,
				93553A9F264701E60027BA06 /* SignupNameView.swift in Sources */,
				93553A82264701C50027BA06 /* KeyboardResponder.swift in Sources */,
				93EFE7ED26A15D9700F50894 /* SignupDoneView.swift in Sources */,
				935A5996265BB02B005B0505 /* SuggestionsView.swift in Sources */,
				932FF8B126C1309300DE52F9 /* VideoTitleView.swift in Sources */,
				934B0E0726A58D4F0008DCE5 /* ModifyPasswordView.swift in Sources */,
				93EFE7E726A15D9700F50894 /* SignupPostcodeView.swift in Sources */,
				932FF8C626D5065200DE52F9 /* VideoFilterView.swift in Sources */,
				938313952671E46E00C71C98 /* PHPhotoLibrary.swift in Sources */,
				935A5990265BAFA8005B0505 /* ContactsListView.swift in Sources */,
				93AEEF542670C94200D99BC2 /* AlbumViewModel.swift in Sources */,
				93816BA42692D21D0060DC0C /* HTML.swift in Sources */,
				937CA4B026526539004A0227 /* HomeView.swift in Sources */,
				93EFE7D02695EA3700F50894 /* TextViewWrapper+UITextView.swift in Sources */,
				937CA4C7265500A8004A0227 /* GuardianFormConfirmSendView.swift in Sources */,
				93553AAC264845110027BA06 /* CustomNumberPad.swift in Sources */,
				93EFE7CE2695EA3700F50894 /* TextViewStore.swift in Sources */,
				93CC8A3C265FBEA200A28455 /* OnboardingViews.swift in Sources */,
				9313BA6F26846019008F566C /* TextEditorView.swift in Sources */,
				93EFE7CF2695EA3700F50894 /* NSLineBreakMode+TruncationMode.swift in Sources */,
				93ADF5B1268060D100BB9F14 /* StopWatchManager.swift in Sources */,
				93553A96264701E60027BA06 /* Styles.swift in Sources */,
				933AA31026674FD8000D6D48 /* ImagePicker.swift in Sources */,
				937CA4BD2654FAAD004A0227 /* GuardianFormEmailView.swift in Sources */,
				935A599C265CD91E005B0505 /* CreateContactView.swift in Sources */,
				938313932671E46E00C71C98 /* PHAssetCollection.swift in Sources */,
				93553AA8264802A90027BA06 /* Extensions.swift in Sources */,
				935A59A1265E18EA005B0505 /* UnsubscribeConfirmView.swift in Sources */,
				932FF8B826C1367400DE52F9 /* AudioTitleView.swift in Sources */,
				932FF8B326C130CC00DE52F9 /* VideoGroupView.swift in Sources */,
				93553AB5264A992F0027BA06 /* TabBarView.swift in Sources */,
				93553AA3264701E60027BA06 /* SignupIntroView.swift in Sources */,
				934B0E1526B27FD90008DCE5 /* GroupViewModel.swift in Sources */,
				93EFE7E926A15D9700F50894 /* SignupPasswrdView.swift in Sources */,
				934B0E1B26B2904E0008DCE5 /* VideoViewModel.swift in Sources */,
				935A5998265BB040005B0505 /* FAQView.swift in Sources */,
				938313942671E46E00C71C98 /* PHAsset.swift in Sources */,
				934B0E1926B28FFC0008DCE5 /* AudioViewModel.swift in Sources */,
				934B0E1126B119EB0008DCE5 /* SponsorViewModel.swift in Sources */,
				932FF8C326D3779100DE52F9 /* RangeSlider.swift in Sources */,
				934B0E1326B15ABE0008DCE5 /* ContactEditView.swift in Sources */,
				933AA312266754F0000D6D48 /* PhotoPicker.swift in Sources */,
				93EFE7D7269D9CEE00F50894 /* User.swift in Sources */,
				9313BA802689A467008F566C /* RichEditorView.swift in Sources */,
				9313BA8C2689A467008F566C /* RichEditorOptionItem.swift in Sources */,
				93AEEF512670A52300D99BC2 /* AlbumImage.swift in Sources */,
				9383139726787BD800C71C98 /* AudioRecorderView.swift in Sources */,
			);
			runOnlyForDeploymentPostprocessing = 0;
		};
/* End PBXSourcesBuildPhase section */

/* Begin XCBuildConfiguration section */
		93553A7B264701600027BA06 /* Debug */ = {
			isa = XCBuildConfiguration;
			buildSettings = {
				ALWAYS_SEARCH_USER_PATHS = NO;
				CLANG_ANALYZER_NONNULL = YES;
				CLANG_ANALYZER_NUMBER_OBJECT_CONVERSION = YES_AGGRESSIVE;
				CLANG_CXX_LANGUAGE_STANDARD = "gnu++14";
				CLANG_CXX_LIBRARY = "libc++";
				CLANG_ENABLE_MODULES = YES;
				CLANG_ENABLE_OBJC_ARC = YES;
				CLANG_ENABLE_OBJC_WEAK = YES;
				CLANG_WARN_BLOCK_CAPTURE_AUTORELEASING = YES;
				CLANG_WARN_BOOL_CONVERSION = YES;
				CLANG_WARN_COMMA = YES;
				CLANG_WARN_CONSTANT_CONVERSION = YES;
				CLANG_WARN_DEPRECATED_OBJC_IMPLEMENTATIONS = YES;
				CLANG_WARN_DIRECT_OBJC_ISA_USAGE = YES_ERROR;
				CLANG_WARN_DOCUMENTATION_COMMENTS = YES;
				CLANG_WARN_EMPTY_BODY = YES;
				CLANG_WARN_ENUM_CONVERSION = YES;
				CLANG_WARN_INFINITE_RECURSION = YES;
				CLANG_WARN_INT_CONVERSION = YES;
				CLANG_WARN_NON_LITERAL_NULL_CONVERSION = YES;
				CLANG_WARN_OBJC_IMPLICIT_RETAIN_SELF = YES;
				CLANG_WARN_OBJC_LITERAL_CONVERSION = YES;
				CLANG_WARN_OBJC_ROOT_CLASS = YES_ERROR;
				CLANG_WARN_QUOTED_INCLUDE_IN_FRAMEWORK_HEADER = YES;
				CLANG_WARN_RANGE_LOOP_ANALYSIS = YES;
				CLANG_WARN_STRICT_PROTOTYPES = YES;
				CLANG_WARN_SUSPICIOUS_MOVE = YES;
				CLANG_WARN_UNGUARDED_AVAILABILITY = YES_AGGRESSIVE;
				CLANG_WARN_UNREACHABLE_CODE = YES;
				CLANG_WARN__DUPLICATE_METHOD_MATCH = YES;
				COPY_PHASE_STRIP = NO;
				DEBUG_INFORMATION_FORMAT = dwarf;
				ENABLE_STRICT_OBJC_MSGSEND = YES;
				ENABLE_TESTABILITY = YES;
				GCC_C_LANGUAGE_STANDARD = gnu11;
				GCC_DYNAMIC_NO_PIC = NO;
				GCC_NO_COMMON_BLOCKS = YES;
				GCC_OPTIMIZATION_LEVEL = 0;
				GCC_PREPROCESSOR_DEFINITIONS = (
					"DEBUG=1",
					"$(inherited)",
				);
				GCC_WARN_64_TO_32_BIT_CONVERSION = YES;
				GCC_WARN_ABOUT_RETURN_TYPE = YES_ERROR;
				GCC_WARN_UNDECLARED_SELECTOR = YES;
				GCC_WARN_UNINITIALIZED_AUTOS = YES_AGGRESSIVE;
				GCC_WARN_UNUSED_FUNCTION = YES;
				GCC_WARN_UNUSED_VARIABLE = YES;
				IPHONEOS_DEPLOYMENT_TARGET = 14.5;
				MTL_ENABLE_DEBUG_INFO = INCLUDE_SOURCE;
				MTL_FAST_MATH = YES;
				ONLY_ACTIVE_ARCH = YES;
				SDKROOT = iphoneos;
				SWIFT_ACTIVE_COMPILATION_CONDITIONS = DEBUG;
				SWIFT_OPTIMIZATION_LEVEL = "-Onone";
			};
			name = Debug;
		};
		93553A7C264701600027BA06 /* Release */ = {
			isa = XCBuildConfiguration;
			buildSettings = {
				ALWAYS_SEARCH_USER_PATHS = NO;
				CLANG_ANALYZER_NONNULL = YES;
				CLANG_ANALYZER_NUMBER_OBJECT_CONVERSION = YES_AGGRESSIVE;
				CLANG_CXX_LANGUAGE_STANDARD = "gnu++14";
				CLANG_CXX_LIBRARY = "libc++";
				CLANG_ENABLE_MODULES = YES;
				CLANG_ENABLE_OBJC_ARC = YES;
				CLANG_ENABLE_OBJC_WEAK = YES;
				CLANG_WARN_BLOCK_CAPTURE_AUTORELEASING = YES;
				CLANG_WARN_BOOL_CONVERSION = YES;
				CLANG_WARN_COMMA = YES;
				CLANG_WARN_CONSTANT_CONVERSION = YES;
				CLANG_WARN_DEPRECATED_OBJC_IMPLEMENTATIONS = YES;
				CLANG_WARN_DIRECT_OBJC_ISA_USAGE = YES_ERROR;
				CLANG_WARN_DOCUMENTATION_COMMENTS = YES;
				CLANG_WARN_EMPTY_BODY = YES;
				CLANG_WARN_ENUM_CONVERSION = YES;
				CLANG_WARN_INFINITE_RECURSION = YES;
				CLANG_WARN_INT_CONVERSION = YES;
				CLANG_WARN_NON_LITERAL_NULL_CONVERSION = YES;
				CLANG_WARN_OBJC_IMPLICIT_RETAIN_SELF = YES;
				CLANG_WARN_OBJC_LITERAL_CONVERSION = YES;
				CLANG_WARN_OBJC_ROOT_CLASS = YES_ERROR;
				CLANG_WARN_QUOTED_INCLUDE_IN_FRAMEWORK_HEADER = YES;
				CLANG_WARN_RANGE_LOOP_ANALYSIS = YES;
				CLANG_WARN_STRICT_PROTOTYPES = YES;
				CLANG_WARN_SUSPICIOUS_MOVE = YES;
				CLANG_WARN_UNGUARDED_AVAILABILITY = YES_AGGRESSIVE;
				CLANG_WARN_UNREACHABLE_CODE = YES;
				CLANG_WARN__DUPLICATE_METHOD_MATCH = YES;
				COPY_PHASE_STRIP = NO;
				DEBUG_INFORMATION_FORMAT = "dwarf-with-dsym";
				ENABLE_NS_ASSERTIONS = NO;
				ENABLE_STRICT_OBJC_MSGSEND = YES;
				GCC_C_LANGUAGE_STANDARD = gnu11;
				GCC_NO_COMMON_BLOCKS = YES;
				GCC_WARN_64_TO_32_BIT_CONVERSION = YES;
				GCC_WARN_ABOUT_RETURN_TYPE = YES_ERROR;
				GCC_WARN_UNDECLARED_SELECTOR = YES;
				GCC_WARN_UNINITIALIZED_AUTOS = YES_AGGRESSIVE;
				GCC_WARN_UNUSED_FUNCTION = YES;
				GCC_WARN_UNUSED_VARIABLE = YES;
				IPHONEOS_DEPLOYMENT_TARGET = 14.5;
				MTL_ENABLE_DEBUG_INFO = NO;
				MTL_FAST_MATH = YES;
				SDKROOT = iphoneos;
				SWIFT_COMPILATION_MODE = wholemodule;
				SWIFT_OPTIMIZATION_LEVEL = "-O";
				VALIDATE_PRODUCT = YES;
			};
			name = Release;
		};
		93553A7E264701600027BA06 /* Debug */ = {
			isa = XCBuildConfiguration;
			buildSettings = {
				ASSETCATALOG_COMPILER_APPICON_NAME = AppIcon;
				ASSETCATALOG_COMPILER_GLOBAL_ACCENT_COLOR_NAME = AccentColor;
				CODE_SIGN_STYLE = Automatic;
				CURRENT_PROJECT_VERSION = 17;
				DEVELOPMENT_ASSET_PATHS = "\"Messangel/Preview Content\"";
				DEVELOPMENT_TEAM = 5Q2T5FM7Q4;
				ENABLE_PREVIEWS = YES;
				INFOPLIST_FILE = Messangel/Info.plist;
				IPHONEOS_DEPLOYMENT_TARGET = 14.0;
				LD_RUNPATH_SEARCH_PATHS = (
					"$(inherited)",
					"@executable_path/Frameworks",
				);
				PRODUCT_BUNDLE_IDENTIFIER = com.caansoft.Messangel;
				PRODUCT_NAME = "$(TARGET_NAME)";
				SWIFT_VERSION = 5.0;
				TARGETED_DEVICE_FAMILY = "1,2";
			};
			name = Debug;
		};
		93553A7F264701600027BA06 /* Release */ = {
			isa = XCBuildConfiguration;
			buildSettings = {
				ASSETCATALOG_COMPILER_APPICON_NAME = AppIcon;
				ASSETCATALOG_COMPILER_GLOBAL_ACCENT_COLOR_NAME = AccentColor;
				CODE_SIGN_STYLE = Automatic;
				CURRENT_PROJECT_VERSION = 17;
				DEVELOPMENT_ASSET_PATHS = "\"Messangel/Preview Content\"";
				DEVELOPMENT_TEAM = 5Q2T5FM7Q4;
				ENABLE_PREVIEWS = YES;
				INFOPLIST_FILE = Messangel/Info.plist;
				IPHONEOS_DEPLOYMENT_TARGET = 14.0;
				LD_RUNPATH_SEARCH_PATHS = (
					"$(inherited)",
					"@executable_path/Frameworks",
				);
				PRODUCT_BUNDLE_IDENTIFIER = com.caansoft.Messangel;
				PRODUCT_NAME = "$(TARGET_NAME)";
				SWIFT_VERSION = 5.0;
				TARGETED_DEVICE_FAMILY = "1,2";
			};
			name = Release;
		};
/* End XCBuildConfiguration section */

/* Begin XCConfigurationList section */
		93553A692647015D0027BA06 /* Build configuration list for PBXProject "Messangel" */ = {
			isa = XCConfigurationList;
			buildConfigurations = (
				93553A7B264701600027BA06 /* Debug */,
				93553A7C264701600027BA06 /* Release */,
			);
			defaultConfigurationIsVisible = 0;
			defaultConfigurationName = Release;
		};
		93553A7D264701600027BA06 /* Build configuration list for PBXNativeTarget "Messangel" */ = {
			isa = XCConfigurationList;
			buildConfigurations = (
				93553A7E264701600027BA06 /* Debug */,
				93553A7F264701600027BA06 /* Release */,
			);
			defaultConfigurationIsVisible = 0;
			defaultConfigurationName = Release;
		};
/* End XCConfigurationList section */

/* Begin XCRemoteSwiftPackageReference section */
		933AA315266A661F000D6D48 /* XCRemoteSwiftPackageReference "NavigationStack" */ = {
			isa = XCRemoteSwiftPackageReference;
			repositoryURL = "https://github.com/indieSoftware/NavigationStack.git";
			requirement = {
				branch = master;
				kind = branch;
			};
		};
		93EFE7DD26A06C1C00F50894 /* XCRemoteSwiftPackageReference "SwiftUIX" */ = {
			isa = XCRemoteSwiftPackageReference;
			repositoryURL = "https://github.com/SwiftUIX/SwiftUIX";
			requirement = {
				branch = master;
				kind = branch;
			};
		};
/* End XCRemoteSwiftPackageReference section */

/* Begin XCSwiftPackageProductDependency section */
		933AA316266A661F000D6D48 /* NavigationStack */ = {
			isa = XCSwiftPackageProductDependency;
			package = 933AA315266A661F000D6D48 /* XCRemoteSwiftPackageReference "NavigationStack" */;
			productName = NavigationStack;
		};
		93EFE7DE26A06C1C00F50894 /* SwiftUIX */ = {
			isa = XCSwiftPackageProductDependency;
			package = 93EFE7DD26A06C1C00F50894 /* XCRemoteSwiftPackageReference "SwiftUIX" */;
			productName = SwiftUIX;
		};
/* End XCSwiftPackageProductDependency section */
	};
	rootObject = 93553A662647015D0027BA06 /* Project object */;
}
