{
  "object": {
    "pins": [
      {
        "package": "Alamofire",
        "repositoryURL": "https://github.com/Alamofire/Alamofire",
        "state": {
          "branch": null,
          "revision": "354dda32d89fc8cd4f5c46487f64957d355f53d8",
          "version": "5.6.1"
        }
      },
      {
        "package": "Kingfisher",
        "repositoryURL": "https://github.com/onevcat/Kingfisher.git",
        "state": {
          "branch": null,
          "revision": "59eb199fdb8dd47733624e8b0277822d0232579e",
          "version": "7.2.2"
        }
      },
      {
        "package": "NavigationStack",
        "repositoryURL": "https://github.com/indieSoftware/NavigationStack.git",
        "state": {
          "branch": "master",
          "revision": "900b75924f218a68c2487ab8a9c3fc7c42130705",
          "version": null
        }
      },
      {
        "package": "Peppermint",
        "repositoryURL": "https://github.com/nsagora/peppermint",
        "state": {
          "branch": null,
          "revision": "2689147e5e2d6f26019c3968aa5f3173359a02e2",
          "version": "1.1.0"
        }
      },
      {
        "package": "Introspect",
        "repositoryURL": "https://github.com/siteline/SwiftUI-Introspect.git",
        "state": {
          "branch": null,
          "revision": "f2616860a41f9d9932da412a8978fec79c06fe24",
          "version": "0.1.4"
        }
      },
      {
        "package": "SwiftUIX",
        "repositoryURL": "https://github.com/SwiftUIX/SwiftUIX",
        "state": {
          "branch": "master",
          "revision": "fe9fca48bdeb5fdaa8bd15112407e656c6094ac9",
          "version": null
        }
      }
    ]
  },
  "version": 1
}
